// !$*UTF8*$!
{
	archiveVersion = 1;
	classes = {
	};
	objectVersion = 56;
	objects = {

/* Begin PBXBuildFile section */
		2E513F262C396E72002D6D93 /* TasksTableViewHeader.swift in Sources */ = {isa = PBXBuildFile; fileRef = 2E513F252C396E72002D6D93 /* TasksTableViewHeader.swift */; };
		2E513F282C3972E3002D6D93 /* AddTaskViewController.swift in Sources */ = {isa = PBXBuildFile; fileRef = 2E513F272C3972E3002D6D93 /* AddTaskViewController.swift */; };
		2E513F2B2C397CA0002D6D93 /* TaskRepository.swift in Sources */ = {isa = PBXBuildFile; fileRef = 2E513F2A2C397CA0002D6D93 /* TaskRepository.swift */; };
		2EB99C712C3B0C7600AD58F9 /* UserDefaultsPersistence.swift in Sources */ = {isa = PBXBuildFile; fileRef = 2EB99C702C3B0C7600AD58F9 /* UserDefaultsPersistence.swift */; };
		2EEC279A2C38B86A00BF5E4B /* AppDelegate.swift in Sources */ = {isa = PBXBuildFile; fileRef = 2EEC27992C38B86A00BF5E4B /* AppDelegate.swift */; };
		2EEC279C2C38B86A00BF5E4B /* SceneDelegate.swift in Sources */ = {isa = PBXBuildFile; fileRef = 2EEC279B2C38B86A00BF5E4B /* SceneDelegate.swift */; };
		2EEC279E2C38B86A00BF5E4B /* HomeViewController.swift in Sources */ = {isa = PBXBuildFile; fileRef = 2EEC279D2C38B86A00BF5E4B /* HomeViewController.swift */; };
		2EEC27A32C38B86C00BF5E4B /* Assets.xcassets in Resources */ = {isa = PBXBuildFile; fileRef = 2EEC27A22C38B86C00BF5E4B /* Assets.xcassets */; };
		2EEC27A62C38B86C00BF5E4B /* Base in Resources */ = {isa = PBXBuildFile; fileRef = 2EEC27A52C38B86C00BF5E4B /* Base */; };
		2EEC27AF2C38BB1800BF5E4B /* Constants.swift in Sources */ = {isa = PBXBuildFile; fileRef = 2EEC27AE2C38BB1800BF5E4B /* Constants.swift */; };
		2EEC27B22C38BC0300BF5E4B /* UIViewController+.swift in Sources */ = {isa = PBXBuildFile; fileRef = 2EEC27B12C38BC0300BF5E4B /* UIViewController+.swift */; };
		2EEC27B52C38C16800BF5E4B /* TasksViewController.swift in Sources */ = {isa = PBXBuildFile; fileRef = 2EEC27B42C38C16800BF5E4B /* TasksViewController.swift */; };
		2EEC27B82C38C5D800BF5E4B /* Task.swift in Sources */ = {isa = PBXBuildFile; fileRef = 2EEC27B72C38C5D800BF5E4B /* Task.swift */; };
/* End PBXBuildFile section */

/* Begin PBXFileReference section */
		2E513F252C396E72002D6D93 /* TasksTableViewHeader.swift */ = {isa = PBXFileReference; lastKnownFileType = sourcecode.swift; path = TasksTableViewHeader.swift; sourceTree = "<group>"; };
		2E513F272C3972E3002D6D93 /* AddTaskViewController.swift */ = {isa = PBXFileReference; lastKnownFileType = sourcecode.swift; path = AddTaskViewController.swift; sourceTree = "<group>"; };
		2E513F2A2C397CA0002D6D93 /* TaskRepository.swift */ = {isa = PBXFileReference; lastKnownFileType = sourcecode.swift; path = TaskRepository.swift; sourceTree = "<group>"; };
		2EB99C702C3B0C7600AD58F9 /* UserDefaultsPersistence.swift */ = {isa = PBXFileReference; lastKnownFileType = sourcecode.swift; path = UserDefaultsPersistence.swift; sourceTree = "<group>"; };
		2EEC27962C38B86A00BF5E4B /* TaskyApp.app */ = {isa = PBXFileReference; explicitFileType = wrapper.application; includeInIndex = 0; path = TaskyApp.app; sourceTree = BUILT_PRODUCTS_DIR; };
		2EEC27992C38B86A00BF5E4B /* AppDelegate.swift */ = {isa = PBXFileReference; lastKnownFileType = sourcecode.swift; path = AppDelegate.swift; sourceTree = "<group>"; };
		2EEC279B2C38B86A00BF5E4B /* SceneDelegate.swift */ = {isa = PBXFileReference; lastKnownFileType = sourcecode.swift; path = SceneDelegate.swift; sourceTree = "<group>"; };
		2EEC279D2C38B86A00BF5E4B /* HomeViewController.swift */ = {isa = PBXFileReference; lastKnownFileType = sourcecode.swift; path = HomeViewController.swift; sourceTree = "<group>"; };
		2EEC27A22C38B86C00BF5E4B /* Assets.xcassets */ = {isa = PBXFileReference; lastKnownFileType = folder.assetcatalog; path = Assets.xcassets; sourceTree = "<group>"; };
		2EEC27A52C38B86C00BF5E4B /* Base */ = {isa = PBXFileReference; lastKnownFileType = file.storyboard; name = Base; path = Base.lproj/LaunchScreen.storyboard; sourceTree = "<group>"; };
		2EEC27A72C38B86C00BF5E4B /* Info.plist */ = {isa = PBXFileReference; lastKnownFileType = text.plist.xml; path = Info.plist; sourceTree = "<group>"; };
		2EEC27AE2C38BB1800BF5E4B /* Constants.swift */ = {isa = PBXFileReference; lastKnownFileType = sourcecode.swift; path = Constants.swift; sourceTree = "<group>"; };
		2EEC27B12C38BC0300BF5E4B /* UIViewController+.swift */ = {isa = PBXFileReference; lastKnownFileType = sourcecode.swift; path = "UIViewController+.swift"; sourceTree = "<group>"; };
		2EEC27B42C38C16800BF5E4B /* TasksViewController.swift */ = {isa = PBXFileReference; lastKnownFileType = sourcecode.swift; path = TasksViewController.swift; sourceTree = "<group>"; };
		2EEC27B72C38C5D800BF5E4B /* Task.swift */ = {isa = PBXFileReference; lastKnownFileType = sourcecode.swift; path = Task.swift; sourceTree = "<group>"; };
/* End PBXFileReference section */

/* Begin PBXFrameworksBuildPhase section */
		2EEC27932C38B86A00BF5E4B /* Frameworks */ = {
			isa = PBXFrameworksBuildPhase;
			buildActionMask = 2147483647;
			files = (
			);
			runOnlyForDeploymentPostprocessing = 0;
		};
/* End PBXFrameworksBuildPhase section */

/* Begin PBXGroup section */
		2E513F242C396E58002D6D93 /* Views */ = {
			isa = PBXGroup;
			children = (
				2E513F252C396E72002D6D93 /* TasksTableViewHeader.swift */,
			);
			path = Views;
			sourceTree = "<group>";
		};
		2E513F292C397B16002D6D93 /* Repository */ = {
			isa = PBXGroup;
			children = (
				2E513F2A2C397CA0002D6D93 /* TaskRepository.swift */,
			);
			path = Repository;
			sourceTree = "<group>";
		};
		2EB99C6F2C3B0C6600AD58F9 /* Persistence */ = {
			isa = PBXGroup;
			children = (
				2EB99C702C3B0C7600AD58F9 /* UserDefaultsPersistence.swift */,
			);
			path = Persistence;
			sourceTree = "<group>";
		};
		2EEC278D2C38B86A00BF5E4B = {
			isa = PBXGroup;
			children = (
				2EEC27982C38B86A00BF5E4B /* TaskyApp */,
				2EEC27972C38B86A00BF5E4B /* Products */,
			);
			sourceTree = "<group>";
		};
		2EEC27972C38B86A00BF5E4B /* Products */ = {
			isa = PBXGroup;
			children = (
				2EEC27962C38B86A00BF5E4B /* TaskyApp.app */,
			);
			name = Products;
			sourceTree = "<group>";
		};
		2EEC27982C38B86A00BF5E4B /* TaskyApp */ = {
			isa = PBXGroup;
			children = (
				2EB99C6F2C3B0C6600AD58F9 /* Persistence */,
				2E513F292C397B16002D6D93 /* Repository */,
				2E513F242C396E58002D6D93 /* Views */,
				2EEC27B62C38C5CE00BF5E4B /* Models */,
				2EEC27B32C38C0C700BF5E4B /* ViewControllers */,
				2EEC27B02C38BBF300BF5E4B /* Extensions */,
				2EEC27AD2C38BB0600BF5E4B /* Utils */,
				2EEC27992C38B86A00BF5E4B /* AppDelegate.swift */,
				2EEC279B2C38B86A00BF5E4B /* SceneDelegate.swift */,
				2EEC27A22C38B86C00BF5E4B /* Assets.xcassets */,
				2EEC27A42C38B86C00BF5E4B /* LaunchScreen.storyboard */,
				2EEC27A72C38B86C00BF5E4B /* Info.plist */,
			);
			path = TaskyApp;
			sourceTree = "<group>";
		};
		2EEC27AD2C38BB0600BF5E4B /* Utils */ = {
			isa = PBXGroup;
			children = (
				2EEC27AE2C38BB1800BF5E4B /* Constants.swift */,
			);
			path = Utils;
			sourceTree = "<group>";
		};
		2EEC27B02C38BBF300BF5E4B /* Extensions */ = {
			isa = PBXGroup;
			children = (
				2EEC27B12C38BC0300BF5E4B /* UIViewController+.swift */,
			);
			path = Extensions;
			sourceTree = "<group>";
		};
		2EEC27B32C38C0C700BF5E4B /* ViewControllers */ = {
			isa = PBXGroup;
			children = (
				2EEC279D2C38B86A00BF5E4B /* HomeViewController.swift */,
				2EEC27B42C38C16800BF5E4B /* TasksViewController.swift */,
				2E513F272C3972E3002D6D93 /* AddTaskViewController.swift */,
			);
			path = ViewControllers;
			sourceTree = "<group>";
		};
		2EEC27B62C38C5CE00BF5E4B /* Models */ = {
			isa = PBXGroup;
			children = (
				2EEC27B72C38C5D800BF5E4B /* Task.swift */,
			);
			path = Models;
			sourceTree = "<group>";
		};
/* End PBXGroup section */

/* Begin PBXNativeTarget section */
		2EEC27952C38B86A00BF5E4B /* TaskyApp */ = {
			isa = PBXNativeTarget;
			buildConfigurationList = 2EEC27AA2C38B86C00BF5E4B /* Build configuration list for PBXNativeTarget "TaskyApp" */;
			buildPhases = (
				2EEC27922C38B86A00BF5E4B /* Sources */,
				2EEC27932C38B86A00BF5E4B /* Frameworks */,
				2EEC27942C38B86A00BF5E4B /* Resources */,
			);
			buildRules = (
			);
			dependencies = (
			);
			name = TaskyApp;
			productName = TaskyApp;
			productReference = 2EEC27962C38B86A00BF5E4B /* TaskyApp.app */;
			productType = "com.apple.product-type.application";
		};
/* End PBXNativeTarget section */

/* Begin PBXProject section */
		2EEC278E2C38B86A00BF5E4B /* Project object */ = {
			isa = PBXProject;
			attributes = {
				BuildIndependentTargetsInParallel = 1;
				LastSwiftUpdateCheck = 1540;
				LastUpgradeCheck = 1540;
				TargetAttributes = {
					2EEC27952C38B86A00BF5E4B = {
						CreatedOnToolsVersion = 15.4;
					};
				};
			};
			buildConfigurationList = 2EEC27912C38B86A00BF5E4B /* Build configuration list for PBXProject "TaskyApp" */;
			compatibilityVersion = "Xcode 14.0";
			developmentRegion = en;
			hasScannedForEncodings = 0;
			knownRegions = (
				en,
				Base,
			);
			mainGroup = 2EEC278D2C38B86A00BF5E4B;
			productRefGroup = 2EEC27972C38B86A00BF5E4B /* Products */;
			projectDirPath = "";
			projectRoot = "";
			targets = (
				2EEC27952C38B86A00BF5E4B /* TaskyApp */,
			);
		};
/* End PBXProject section */

/* Begin PBXResourcesBuildPhase section */
		2EEC27942C38B86A00BF5E4B /* Resources */ = {
			isa = PBXResourcesBuildPhase;
			buildActionMask = 2147483647;
			files = (
				2EEC27A32C38B86C00BF5E4B /* Assets.xcassets in Resources */,
				2EEC27A62C38B86C00BF5E4B /* Base in Resources */,
			);
			runOnlyForDeploymentPostprocessing = 0;
		};
/* End PBXResourcesBuildPhase section */

/* Begin PBXSourcesBuildPhase section */
		2EEC27922C38B86A00BF5E4B /* Sources */ = {
			isa = PBXSourcesBuildPhase;
			buildActionMask = 2147483647;
			files = (
				2EEC279E2C38B86A00BF5E4B /* HomeViewController.swift in Sources */,
				2EEC279A2C38B86A00BF5E4B /* AppDelegate.swift in Sources */,
				2EEC27B22C38BC0300BF5E4B /* UIViewController+.swift in Sources */,
				2EEC279C2C38B86A00BF5E4B /* SceneDelegate.swift in Sources */,
				2E513F2B2C397CA0002D6D93 /* TaskRepository.swift in Sources */,
				2EEC27AF2C38BB1800BF5E4B /* Constants.swift in Sources */,
				2EB99C712C3B0C7600AD58F9 /* UserDefaultsPersistence.swift in Sources */,
				2EEC27B82C38C5D800BF5E4B /* Task.swift in Sources */,
				2EEC27B52C38C16800BF5E4B /* TasksViewController.swift in Sources */,
				2E513F282C3972E3002D6D93 /* AddTaskViewController.swift in Sources */,
				2E513F262C396E72002D6D93 /* TasksTableViewHeader.swift in Sources */,
			);
			runOnlyForDeploymentPostprocessing = 0;
		};
/* End PBXSourcesBuildPhase section */

/* Begin PBXVariantGroup section */
		2EEC27A42C38B86C00BF5E4B /* LaunchScreen.storyboard */ = {
			isa = PBXVariantGroup;
			children = (
				2EEC27A52C38B86C00BF5E4B /* Base */,
			);
			name = LaunchScreen.storyboard;
			sourceTree = "<group>";
		};
/* End PBXVariantGroup section */

/* Begin XCBuildConfiguration section */
		2EEC27A82C38B86C00BF5E4B /* Debug */ = {
			isa = XCBuildConfiguration;
			buildSettings = {
				ALWAYS_SEARCH_USER_PATHS = NO;
				ASSETCATALOG_COMPILER_GENERATE_SWIFT_ASSET_SYMBOL_EXTENSIONS = YES;
				CLANG_ANALYZER_NONNULL = YES;
				CLANG_ANALYZER_NUMBER_OBJECT_CONVERSION = YES_AGGRESSIVE;
				CLANG_CXX_LANGUAGE_STANDARD = "gnu++20";
				CLANG_ENABLE_MODULES = YES;
				CLANG_ENABLE_OBJC_ARC = YES;
				CLANG_ENABLE_OBJC_WEAK = YES;
				CLANG_WARN_BLOCK_CAPTURE_AUTORELEASING = YES;
				CLANG_WARN_BOOL_CONVERSION = YES;
				CLANG_WARN_COMMA = YES;
				CLANG_WARN_CONSTANT_CONVERSION = YES;
				CLANG_WARN_DEPRECATED_OBJC_IMPLEMENTATIONS = YES;
				CLANG_WARN_DIRECT_OBJC_ISA_USAGE = YES_ERROR;
				CLANG_WARN_DOCUMENTATION_COMMENTS = YES;
				CLANG_WARN_EMPTY_BODY = YES;
				CLANG_WARN_ENUM_CONVERSION = YES;
				CLANG_WARN_INFINITE_RECURSION = YES;
				CLANG_WARN_INT_CONVERSION = YES;
				CLANG_WARN_NON_LITERAL_NULL_CONVERSION = YES;
				CLANG_WARN_OBJC_IMPLICIT_RETAIN_SELF = YES;
				CLANG_WARN_OBJC_LITERAL_CONVERSION = YES;
				CLANG_WARN_OBJC_ROOT_CLASS = YES_ERROR;
				CLANG_WARN_QUOTED_INCLUDE_IN_FRAMEWORK_HEADER = YES;
				CLANG_WARN_RANGE_LOOP_ANALYSIS = YES;
				CLANG_WARN_STRICT_PROTOTYPES = YES;
				CLANG_WARN_SUSPICIOUS_MOVE = YES;
				CLANG_WARN_UNGUARDED_AVAILABILITY = YES_AGGRESSIVE;
				CLANG_WARN_UNREACHABLE_CODE = YES;
				CLANG_WARN__DUPLICATE_METHOD_MATCH = YES;
				COPY_PHASE_STRIP = NO;
				DEBUG_INFORMATION_FORMAT = dwarf;
				ENABLE_STRICT_OBJC_MSGSEND = YES;
				ENABLE_TESTABILITY = YES;
				ENABLE_USER_SCRIPT_SANDBOXING = YES;
				GCC_C_LANGUAGE_STANDARD = gnu17;
				GCC_DYNAMIC_NO_PIC = NO;
				GCC_NO_COMMON_BLOCKS = YES;
				GCC_OPTIMIZATION_LEVEL = 0;
				GCC_PREPROCESSOR_DEFINITIONS = (
					"DEBUG=1",
					"$(inherited)",
				);
				GCC_WARN_64_TO_32_BIT_CONVERSION = YES;
				GCC_WARN_ABOUT_RETURN_TYPE = YES_ERROR;
				GCC_WARN_UNDECLARED_SELECTOR = YES;
				GCC_WARN_UNINITIALIZED_AUTOS = YES_AGGRESSIVE;
				GCC_WARN_UNUSED_FUNCTION = YES;
				GCC_WARN_UNUSED_VARIABLE = YES;
				IPHONEOS_DEPLOYMENT_TARGET = 17.5;
				LOCALIZATION_PREFERS_STRING_CATALOGS = YES;
				MTL_ENABLE_DEBUG_INFO = INCLUDE_SOURCE;
				MTL_FAST_MATH = YES;
				ONLY_ACTIVE_ARCH = YES;
				SDKROOT = iphoneos;
				SWIFT_ACTIVE_COMPILATION_CONDITIONS = "DEBUG $(inherited)";
				SWIFT_OPTIMIZATION_LEVEL = "-Onone";
			};
			name = Debug;
		};
		2EEC27A92C38B86C00BF5E4B /* Release */ = {
			isa = XCBuildConfiguration;
			buildSettings = {
				ALWAYS_SEARCH_USER_PATHS = NO;
				ASSETCATALOG_COMPILER_GENERATE_SWIFT_ASSET_SYMBOL_EXTENSIONS = YES;
				CLANG_ANALYZER_NONNULL = YES;
				CLANG_ANALYZER_NUMBER_OBJECT_CONVERSION = YES_AGGRESSIVE;
				CLANG_CXX_LANGUAGE_STANDARD = "gnu++20";
				CLANG_ENABLE_MODULES = YES;
				CLANG_ENABLE_OBJC_ARC = YES;
				CLANG_ENABLE_OBJC_WEAK = YES;
				CLANG_WARN_BLOCK_CAPTURE_AUTORELEASING = YES;
				CLANG_WARN_BOOL_CONVERSION = YES;
				CLANG_WARN_COMMA = YES;
				CLANG_WARN_CONSTANT_CONVERSION = YES;
				CLANG_WARN_DEPRECATED_OBJC_IMPLEMENTATIONS = YES;
				CLANG_WARN_DIRECT_OBJC_ISA_USAGE = YES_ERROR;
				CLANG_WARN_DOCUMENTATION_COMMENTS = YES;
				CLANG_WARN_EMPTY_BODY = YES;
				CLANG_WARN_ENUM_CONVERSION = YES;
				CLANG_WARN_INFINITE_RECURSION = YES;
				CLANG_WARN_INT_CONVERSION = YES;
				CLANG_WARN_NON_LITERAL_NULL_CONVERSION = YES;
				CLANG_WARN_OBJC_IMPLICIT_RETAIN_SELF = YES;
				CLANG_WARN_OBJC_LITERAL_CONVERSION = YES;
				CLANG_WARN_OBJC_ROOT_CLASS = YES_ERROR;
				CLANG_WARN_QUOTED_INCLUDE_IN_FRAMEWORK_HEADER = YES;
				CLANG_WARN_RANGE_LOOP_ANALYSIS = YES;
				CLANG_WARN_STRICT_PROTOTYPES = YES;
				CLANG_WARN_SUSPICIOUS_MOVE = YES;
				CLANG_WARN_UNGUARDED_AVAILABILITY = YES_AGGRESSIVE;
				CLANG_WARN_UNREACHABLE_CODE = YES;
				CLANG_WARN__DUPLICATE_METHOD_MATCH = YES;
				COPY_PHASE_STRIP = NO;
				DEBUG_INFORMATION_FORMAT = "dwarf-with-dsym";
				ENABLE_NS_ASSERTIONS = NO;
				ENABLE_STRICT_OBJC_MSGSEND = YES;
				ENABLE_USER_SCRIPT_SANDBOXING = YES;
				GCC_C_LANGUAGE_STANDARD = gnu17;
				GCC_NO_COMMON_BLOCKS = YES;
				GCC_WARN_64_TO_32_BIT_CONVERSION = YES;
				GCC_WARN_ABOUT_RETURN_TYPE = YES_ERROR;
				GCC_WARN_UNDECLARED_SELECTOR = YES;
				GCC_WARN_UNINITIALIZED_AUTOS = YES_AGGRESSIVE;
				GCC_WARN_UNUSED_FUNCTION = YES;
				GCC_WARN_UNUSED_VARIABLE = YES;
				IPHONEOS_DEPLOYMENT_TARGET = 17.5;
				LOCALIZATION_PREFERS_STRING_CATALOGS = YES;
				MTL_ENABLE_DEBUG_INFO = NO;
				MTL_FAST_MATH = YES;
				SDKROOT = iphoneos;
				SWIFT_COMPILATION_MODE = wholemodule;
				VALIDATE_PRODUCT = YES;
			};
			name = Release;
		};
		2EEC27AB2C38B86C00BF5E4B /* Debug */ = {
			isa = XCBuildConfiguration;
			buildSettings = {
				ASSETCATALOG_COMPILER_APPICON_NAME = AppIcon;
				ASSETCATALOG_COMPILER_GLOBAL_ACCENT_COLOR_NAME = AccentColor;
				CODE_SIGN_STYLE = Automatic;
				CURRENT_PROJECT_VERSION = 1;
				DEVELOPMENT_TEAM = W5T2BK57R5;
				GENERATE_INFOPLIST_FILE = YES;
				INFOPLIST_FILE = TaskyApp/Info.plist;
				INFOPLIST_KEY_UIApplicationSupportsIndirectInputEvents = YES;
				INFOPLIST_KEY_UILaunchStoryboardName = LaunchScreen;
				INFOPLIST_KEY_UISupportedInterfaceOrientations_iPad = "UIInterfaceOrientationPortrait UIInterfaceOrientationPortraitUpsideDown UIInterfaceOrientationLandscapeLeft UIInterfaceOrientationLandscapeRight";
				INFOPLIST_KEY_UISupportedInterfaceOrientations_iPhone = "UIInterfaceOrientationPortrait UIInterfaceOrientationLandscapeLeft UIInterfaceOrientationLandscapeRight";
				LD_RUNPATH_SEARCH_PATHS = (
					"$(inherited)",
					"@executable_path/Frameworks",
				);
				MARKETING_VERSION = 1.0;
				PRODUCT_BUNDLE_IDENTIFIER = yuricorrea.TaskyApp;
				PRODUCT_NAME = "$(TARGET_NAME)";
				SWIFT_EMIT_LOC_STRINGS = YES;
				SWIFT_VERSION = 5.0;
				TARGETED_DEVICE_FAMILY = "1,2";
			};
			name = Debug;
		};
		2EEC27AC2C38B86C00BF5E4B /* Release */ = {
			isa = XCBuildConfiguration;
			buildSettings = {
				ASSETCATALOG_COMPILER_APPICON_NAME = AppIcon;
				ASSETCATALOG_COMPILER_GLOBAL_ACCENT_COLOR_NAME = AccentColor;
				CODE_SIGN_STYLE = Automatic;
				CURRENT_PROJECT_VERSION = 1;
				DEVELOPMENT_TEAM = W5T2BK57R5;
				GENERATE_INFOPLIST_FILE = YES;
				INFOPLIST_FILE = TaskyApp/Info.plist;
				INFOPLIST_KEY_UIApplicationSupportsIndirectInputEvents = YES;
				INFOPLIST_KEY_UILaunchStoryboardName = LaunchScreen;
				INFOPLIST_KEY_UISupportedInterfaceOrientations_iPad = "UIInterfaceOrientationPortrait UIInterfaceOrientationPortraitUpsideDown UIInterfaceOrientationLandscapeLeft UIInterfaceOrientationLandscapeRight";
				INFOPLIST_KEY_UISupportedInterfaceOrientations_iPhone = "UIInterfaceOrientationPortrait UIInterfaceOrientationLandscapeLeft UIInterfaceOrientationLandscapeRight";
				LD_RUNPATH_SEARCH_PATHS = (
					"$(inherited)",
					"@executable_path/Frameworks",
				);
				MARKETING_VERSION = 1.0;
				PRODUCT_BUNDLE_IDENTIFIER = yuricorrea.TaskyApp;
				PRODUCT_NAME = "$(TARGET_NAME)";
				SWIFT_EMIT_LOC_STRINGS = YES;
				SWIFT_VERSION = 5.0;
				TARGETED_DEVICE_FAMILY = "1,2";
			};
			name = Release;
		};
/* End XCBuildConfiguration section */

/* Begin XCConfigurationList section */
		2EEC27912C38B86A00BF5E4B /* Build configuration list for PBXProject "TaskyApp" */ = {
			isa = XCConfigurationList;
			buildConfigurations = (
				2EEC27A82C38B86C00BF5E4B /* Debug */,
				2EEC27A92C38B86C00BF5E4B /* Release */,
			);
			defaultConfigurationIsVisible = 0;
			defaultConfigurationName = Release;
		};
		2EEC27AA2C38B86C00BF5E4B /* Build configuration list for PBXNativeTarget "TaskyApp" */ = {
			isa = XCConfigurationList;
			buildConfigurations = (
				2EEC27AB2C38B86C00BF5E4B /* Debug */,
				2EEC27AC2C38B86C00BF5E4B /* Release */,
			);
			defaultConfigurationIsVisible = 0;
			defaultConfigurationName = Release;
		};
/* End XCConfigurationList section */
	};
	rootObject = 2EEC278E2C38B86A00BF5E4B /* Project object */;
}
